
Microsoft Visual Studio Solution File, Format Version 12.00
# Visual Studio Version 17
VisualStudioVersion = 17.1.32328.378
MinimumVisualStudioVersion = 10.0.40219.1
Project("{FAE04EC0-301F-11D3-BF4B-00C04F79EFBC}") = "MyForms", "MyForms\MyForms.csproj", "{F4270A45-3223-44C8-AD97-77D93565A695}"
EndProject
Global
	GlobalSection(SolutionConfigurationPlatforms) = preSolution
		Debug|Any CPU = Debug|Any CPU
		Release|Any CPU = Release|Any CPU
	EndGlobalSection
	GlobalSection(ProjectConfigurationPlatforms) = postSolution
		{F4270A45-3223-44C8-AD97-77D93565A695}.Debug|Any CPU.ActiveCfg = Debug|Any CPU
		{F4270A45-3223-44C8-AD97-77D93565A695}.Debug|Any CPU.Build.0 = Debug|Any CPU
		{F4270A45-3223-44C8-AD97-77D93565A695}.Release|Any CPU.ActiveCfg = Release|Any CPU
		{F4270A45-3223-44C8-AD97-77D93565A695}.Release|Any CPU.Build.0 = Release|Any CPU
	EndGlobalSection
	GlobalSection(SolutionProperties) = preSolution
		HideSolutionNode = FALSE
	EndGlobalSection
	GlobalSection(ExtensibilityGlobals) = postSolution
		SolutionGuid = {01DF0494-6212-4F0A-AE30-873E4AF725ED}
	EndGlobalSection
EndGlobal
